
Microsoft Visual Studio Solution File, Format Version 12.00
# Visual Studio Version 17
VisualStudioVersion = 17.3.32901.215
MinimumVisualStudioVersion = 10.0.40219.1
Project("{FAE04EC0-301F-11D3-BF4B-00C04F79EFBC}") = "SwitchBotApi", "SwitchBotApi\SwitchBotApi.csproj", "{EBEC2270-A132-4DCA-9E0C-D73012517207}"
EndProject
Global
	GlobalSection(SolutionConfigurationPlatforms) = preSolution
		Debug|Any CPU = Debug|Any CPU
		Release|Any CPU = Release|Any CPU
	EndGlobalSection
	GlobalSection(ProjectConfigurationPlatforms) = postSolution
		{EBEC2270-A132-4DCA-9E0C-D73012517207}.Debug|Any CPU.ActiveCfg = Debug|Any CPU
		{EBEC2270-A132-4DCA-9E0C-D73012517207}.Debug|Any CPU.Build.0 = Debug|Any CPU
		{EBEC2270-A132-4DCA-9E0C-D73012517207}.Release|Any CPU.ActiveCfg = Release|Any CPU
		{EBEC2270-A132-4DCA-9E0C-D73012517207}.Release|Any CPU.Build.0 = Release|Any CPU
	EndGlobalSection
	GlobalSection(SolutionProperties) = preSolution
		HideSolutionNode = FALSE
	EndGlobalSection
	GlobalSection(ExtensibilityGlobals) = postSolution
		SolutionGuid = {3D379180-5CE6-4058-8BC1-C8A07779DF0D}
	EndGlobalSection
EndGlobal
